
Microsoft Visual Studio Solution File, Format Version 12.00
# Visual Studio 2013
VisualStudioVersion = 12.0.31101.0
MinimumVisualStudioVersion = 10.0.40219.1
Project("{FAE04EC0-301F-11D3-BF4B-00C04F79EFBC}") = "antisocial.api", "antisocial.api\antisocial.api.csproj", "{88562A19-A54A-41B6-93CF-314C77D745D5}"
EndProject
Project("{FAE04EC0-301F-11D3-BF4B-00C04F79EFBC}") = "antisocial.api.Tests", "antisocial.api.Tests\antisocial.api.Tests.csproj", "{B8B08958-097E-4B42-A52D-388554582D17}"
EndProject
Project("{2150E333-8FDC-42A3-9474-1A3956D46DE8}") = ".nuget", ".nuget", "{BB06BE04-220A-423F-A92F-840CA79C0B0B}"
	ProjectSection(SolutionItems) = preProject
		.nuget\NuGet.Config = .nuget\NuGet.Config
		.nuget\NuGet.exe = .nuget\NuGet.exe
		.nuget\NuGet.targets = .nuget\NuGet.targets
		.nuget\packages.config = .nuget\packages.config
	EndProjectSection
EndProject
Global
	GlobalSection(SolutionConfigurationPlatforms) = preSolution
		Debug|Any CPU = Debug|Any CPU
		Release|Any CPU = Release|Any CPU
	EndGlobalSection
	GlobalSection(ProjectConfigurationPlatforms) = postSolution
		{88562A19-A54A-41B6-93CF-314C77D745D5}.Debug|Any CPU.ActiveCfg = Debug|Any CPU
		{88562A19-A54A-41B6-93CF-314C77D745D5}.Debug|Any CPU.Build.0 = Debug|Any CPU
		{88562A19-A54A-41B6-93CF-314C77D745D5}.Release|Any CPU.ActiveCfg = Release|Any CPU
		{88562A19-A54A-41B6-93CF-314C77D745D5}.Release|Any CPU.Build.0 = Release|Any CPU
		{B8B08958-097E-4B42-A52D-388554582D17}.Debug|Any CPU.ActiveCfg = Debug|Any CPU
		{B8B08958-097E-4B42-A52D-388554582D17}.Debug|Any CPU.Build.0 = Debug|Any CPU
		{B8B08958-097E-4B42-A52D-388554582D17}.Release|Any CPU.ActiveCfg = Release|Any CPU
		{B8B08958-097E-4B42-A52D-388554582D17}.Release|Any CPU.Build.0 = Release|Any CPU
	EndGlobalSection
	GlobalSection(SolutionProperties) = preSolution
		HideSolutionNode = FALSE
	EndGlobalSection
EndGlobal
