
Microsoft Visual Studio Solution File, Format Version 12.00
# Visual Studio 2013
VisualStudioVersion = 12.0.31101.0
MinimumVisualStudioVersion = 10.0.40219.1
Project("{FAE04EC0-301F-11D3-BF4B-00C04F79EFBC}") = "antisocial.backend", "antisocial.backend\antisocial.backend.csproj", "{76B2D266-51AC-4E65-880D-A6F502C6A2B4}"
EndProject
Project("{FAE04EC0-301F-11D3-BF4B-00C04F79EFBC}") = "antisocial.backend.Tests", "antisocial.backend.Tests\antisocial.backend.Tests.csproj", "{4676862D-9FE6-45DF-B0FF-D3B8547FA45E}"
EndProject
Global
	GlobalSection(SolutionConfigurationPlatforms) = preSolution
		Debug|Any CPU = Debug|Any CPU
		Release|Any CPU = Release|Any CPU
	EndGlobalSection
	GlobalSection(ProjectConfigurationPlatforms) = postSolution
		{76B2D266-51AC-4E65-880D-A6F502C6A2B4}.Debug|Any CPU.ActiveCfg = Debug|Any CPU
		{76B2D266-51AC-4E65-880D-A6F502C6A2B4}.Debug|Any CPU.Build.0 = Debug|Any CPU
		{76B2D266-51AC-4E65-880D-A6F502C6A2B4}.Release|Any CPU.ActiveCfg = Release|Any CPU
		{76B2D266-51AC-4E65-880D-A6F502C6A2B4}.Release|Any CPU.Build.0 = Release|Any CPU
		{4676862D-9FE6-45DF-B0FF-D3B8547FA45E}.Debug|Any CPU.ActiveCfg = Debug|Any CPU
		{4676862D-9FE6-45DF-B0FF-D3B8547FA45E}.Debug|Any CPU.Build.0 = Debug|Any CPU
		{4676862D-9FE6-45DF-B0FF-D3B8547FA45E}.Release|Any CPU.ActiveCfg = Release|Any CPU
		{4676862D-9FE6-45DF-B0FF-D3B8547FA45E}.Release|Any CPU.Build.0 = Release|Any CPU
	EndGlobalSection
	GlobalSection(SolutionProperties) = preSolution
		HideSolutionNode = FALSE
	EndGlobalSection
EndGlobal
